
Microsoft Visual Studio Solution File, Format Version 12.00
# Visual Studio Version 16
VisualStudioVersion = 16.0.30804.86
MinimumVisualStudioVersion = 10.0.40219.1
Project("{FAE04EC0-301F-11D3-BF4B-00C04F79EFBC}") = "ValidadorDeDocumento", "ValidadorDeDocumento.csproj", "{3CB25452-217D-4AF9-9C57-595B705EC613}"
EndProject
Global
	GlobalSection(SolutionConfigurationPlatforms) = preSolution
		Debug|Any CPU = Debug|Any CPU
		Release|Any CPU = Release|Any CPU
	EndGlobalSection
	GlobalSection(ProjectConfigurationPlatforms) = postSolution
		{3CB25452-217D-4AF9-9C57-595B705EC613}.Debug|Any CPU.ActiveCfg = Debug|Any CPU
		{3CB25452-217D-4AF9-9C57-595B705EC613}.Debug|Any CPU.Build.0 = Debug|Any CPU
		{3CB25452-217D-4AF9-9C57-595B705EC613}.Release|Any CPU.ActiveCfg = Release|Any CPU
		{3CB25452-217D-4AF9-9C57-595B705EC613}.Release|Any CPU.Build.0 = Release|Any CPU
	EndGlobalSection
	GlobalSection(SolutionProperties) = preSolution
		HideSolutionNode = FALSE
	EndGlobalSection
	GlobalSection(ExtensibilityGlobals) = postSolution
		SolutionGuid = {0A725C21-78DA-445E-88F8-9DF5C07FFEE8}
	EndGlobalSection
EndGlobal
